<?xml version="1.0" encoding="utf-8"?>
<Project ToolsVersion="4.0" xmlns="http://schemas.microsoft.com/developer/msbuild/2003">
  <ItemGroup>
    <ClCompile Include="Danso.cpp" />
    <ClCompile Include="DrunkenWoman.cpp" />
    <ClCompile Include="HealthPotion.cpp" />
    <ClCompile Include="BattleSystem.cpp" />
    <ClCompile Include="DrunkenOjisang.cpp" />
    <ClCompile Include="Item.cpp" />
    <ClCompile Include="Main.cpp" />
    <ClCompile Include="Character.cpp" />
    <ClCompile Include="Monster.cpp" />
    <ClCompile Include="ChurchLover.cpp" />
    <ClCompile Include="JejusLover.cpp" />
  </ItemGroup>
  <ItemGroup>
    <ClInclude Include="BattleSystem.h" />
    <ClInclude Include="Character.h" />
    <ClInclude Include="Danso.h" />
    <ClInclude Include="DrunkenWoman.h" />
    <ClInclude Include="HealthPotion.h" />
    <ClInclude Include="Item.h" />
    <ClInclude Include="DrunkenOjisang.h" />
    <ClInclude Include="Monster.h" />
    <ClInclude Include="ChurchLover.h" />
    <ClInclude Include="JejusLover.h" />
  </ItemGroup>
</Project>