<?xml version="1.0" encoding="utf-8"?>
<Project ToolsVersion="4.0" xmlns="http://schemas.microsoft.com/developer/msbuild/2003">
  <ItemGroup>
    <ClCompile Include="Danso.cpp" />
    <ClCompile Include="DrunkenWoman.cpp" />
    <ClCompile Include="HealthPotion.cpp" />
    <ClCompile Include="BattleSystem.cpp" />
    <ClCompile Include="DrunkenOjisang.cpp" />
    <ClCompile Include="Item.cpp" />
    <ClCompile Include="Main.cpp" />
    <ClCompile Include="Character.cpp" />
    <ClCompile Include="Monster.cpp" />
    <ClCompile Include="DeepsleepMan.cpp" />
    <ClCompile Include="AngryHomeless.cpp" />
    <ClCompile Include="GiantBackpacker.cpp" />
    <ClCompile Include="Deepkisscouple.cpp" />
    <ClCompile Include="SmokingGuy.cpp" />
    <ClCompile Include="LoudSongGril.cpp" />
  </ItemGroup>
  <ItemGroup>
    <ClInclude Include="BattleSystem.h" />
    <ClInclude Include="Character.h" />
    <ClInclude Include="Danso.h" />
    <ClInclude Include="DrunkenWoman.h" />
    <ClInclude Include="HealthPotion.h" />
    <ClInclude Include="Item.h" />
    <ClInclude Include="DrunkenOjisang.h" />
    <ClInclude Include="Monster.h" />
    <ClInclude Include="DeepsleepMan.h" />
    <ClInclude Include="AngryHomeless.h" />
    <ClInclude Include="GiantBackpacker.h" />
    <ClInclude Include="Deepkisscouple.h" />
    <ClInclude Include="SmokingGuy.h" />
    <ClInclude Include="LoudSongGril.h" />
  </ItemGroup>
</Project>